
Microsoft Visual Studio Solution File, Format Version 12.00
# Visual Studio 15
VisualStudioVersion = 15.0.27130.2003
MinimumVisualStudioVersion = 10.0.40219.1
Project("{FAE04EC0-301F-11D3-BF4B-00C04F79EFBC}") = "SimplexUI", "SimplexUI\SimplexUI.csproj", "{C23EB165-272A-4222-8239-37D1E9D51BB3}"
EndProject
Project("{FAE04EC0-301F-11D3-BF4B-00C04F79EFBC}") = "MotorCalculo", "MotorCalculo\MotorCalculo.csproj", "{70CD94BB-F2C3-4A1A-BD0F-67809AFE81E8}"
EndProject
Project("{FAE04EC0-301F-11D3-BF4B-00C04F79EFBC}") = "SimplexTesting", "SimplexTesting\SimplexTesting.csproj", "{0B3755FB-EBC9-4B07-967F-D7CCC4F76E74}"
EndProject
Project("{FAE04EC0-301F-11D3-BF4B-00C04F79EFBC}") = "SimplexDataModel", "SimplexDataModel\SimplexDataModel.csproj", "{DDF75C96-C65E-42DD-BD20-27162C5708E8}"
EndProject
Project("{FAE04EC0-301F-11D3-BF4B-00C04F79EFBC}") = "SimplexCSVDataModel", "SimplexCSVDataModel\SimplexCSVDataModel.csproj", "{57078577-E251-4A22-B019-92787D124793}"
EndProject
Global
	GlobalSection(SolutionConfigurationPlatforms) = preSolution
		Debug|Any CPU = Debug|Any CPU
		Release|Any CPU = Release|Any CPU
	EndGlobalSection
	GlobalSection(ProjectConfigurationPlatforms) = postSolution
		{C23EB165-272A-4222-8239-37D1E9D51BB3}.Debug|Any CPU.ActiveCfg = Debug|Any CPU
		{C23EB165-272A-4222-8239-37D1E9D51BB3}.Debug|Any CPU.Build.0 = Debug|Any CPU
		{C23EB165-272A-4222-8239-37D1E9D51BB3}.Release|Any CPU.ActiveCfg = Release|Any CPU
		{C23EB165-272A-4222-8239-37D1E9D51BB3}.Release|Any CPU.Build.0 = Release|Any CPU
		{70CD94BB-F2C3-4A1A-BD0F-67809AFE81E8}.Debug|Any CPU.ActiveCfg = Debug|Any CPU
		{70CD94BB-F2C3-4A1A-BD0F-67809AFE81E8}.Debug|Any CPU.Build.0 = Debug|Any CPU
		{70CD94BB-F2C3-4A1A-BD0F-67809AFE81E8}.Release|Any CPU.ActiveCfg = Release|Any CPU
		{70CD94BB-F2C3-4A1A-BD0F-67809AFE81E8}.Release|Any CPU.Build.0 = Release|Any CPU
		{0B3755FB-EBC9-4B07-967F-D7CCC4F76E74}.Debug|Any CPU.ActiveCfg = Debug|Any CPU
		{0B3755FB-EBC9-4B07-967F-D7CCC4F76E74}.Debug|Any CPU.Build.0 = Debug|Any CPU
		{0B3755FB-EBC9-4B07-967F-D7CCC4F76E74}.Release|Any CPU.ActiveCfg = Release|Any CPU
		{0B3755FB-EBC9-4B07-967F-D7CCC4F76E74}.Release|Any CPU.Build.0 = Release|Any CPU
		{DDF75C96-C65E-42DD-BD20-27162C5708E8}.Debug|Any CPU.ActiveCfg = Debug|Any CPU
		{DDF75C96-C65E-42DD-BD20-27162C5708E8}.Debug|Any CPU.Build.0 = Debug|Any CPU
		{DDF75C96-C65E-42DD-BD20-27162C5708E8}.Release|Any CPU.ActiveCfg = Release|Any CPU
		{DDF75C96-C65E-42DD-BD20-27162C5708E8}.Release|Any CPU.Build.0 = Release|Any CPU
		{57078577-E251-4A22-B019-92787D124793}.Debug|Any CPU.ActiveCfg = Debug|Any CPU
		{57078577-E251-4A22-B019-92787D124793}.Debug|Any CPU.Build.0 = Debug|Any CPU
		{57078577-E251-4A22-B019-92787D124793}.Release|Any CPU.ActiveCfg = Release|Any CPU
		{57078577-E251-4A22-B019-92787D124793}.Release|Any CPU.Build.0 = Release|Any CPU
	EndGlobalSection
	GlobalSection(SolutionProperties) = preSolution
		HideSolutionNode = FALSE
	EndGlobalSection
	GlobalSection(ExtensibilityGlobals) = postSolution
		SolutionGuid = {5B115D58-B140-4A60-BF08-EA13F44DA352}
	EndGlobalSection
EndGlobal
